
Microsoft Visual Studio Solution File, Format Version 12.00
# Visual Studio Version 17
VisualStudioVersion = 17.14.36127.28
MinimumVisualStudioVersion = 10.0.40219.1
Project("{2150E333-8FDC-42A3-9474-1A3956D46DE8}") = "Core", "Core", "{02EA681E-C7D8-13C7-8484-4AC65E1B71E8}"
EndProject
Project("{2150E333-8FDC-42A3-9474-1A3956D46DE8}") = "Infrastructure", "Infrastructure", "{33EDF334-2B57-4891-86EC-3068468F584C}"
EndProject
Project("{2150E333-8FDC-42A3-9474-1A3956D46DE8}") = "Presentation", "Presentation", "{199BE9E3-F19F-4325-AF7B-C79004E4D881}"
EndProject
Project("{FAE04EC0-301F-11D3-BF4B-00C04F79EFBC}") = "ytApiApplication", "Core\ytApiApplication\ytApiApplication.csproj", "{CFA8EDED-B0B0-4A69-A3FB-70ACF2280834}"
EndProject
Project("{FAE04EC0-301F-11D3-BF4B-00C04F79EFBC}") = "ytApiDomain", "Core\ytApiDomain\ytApiDomain.csproj", "{9BE55463-FF71-430D-89E5-C2A71F450DCD}"
EndProject
Project("{FAE04EC0-301F-11D3-BF4B-00C04F79EFBC}") = "ytApiInfrastructure", "Infrastructure\ytApiInfrastructure\ytApiInfrastructure.csproj", "{7F253DE7-1F5E-45D6-AC75-127E98B356DD}"
EndProject
Project("{FAE04EC0-301F-11D3-BF4B-00C04F79EFBC}") = "ytApiPersistance", "Infrastructure\ytApiPersistance\ytApiPersistance.csproj", "{C2317F23-1541-43F5-B690-6B5251113C61}"
EndProject
Project("{FAE04EC0-301F-11D3-BF4B-00C04F79EFBC}") = "ytApi.Api", "Presentation\ytApi.Api\ytApi.Api.csproj", "{E659E59A-9E57-4821-9B8C-5FF2CF5FCE39}"
EndProject
Global
	GlobalSection(SolutionConfigurationPlatforms) = preSolution
		Debug|Any CPU = Debug|Any CPU
		Release|Any CPU = Release|Any CPU
	EndGlobalSection
	GlobalSection(ProjectConfigurationPlatforms) = postSolution
		{CFA8EDED-B0B0-4A69-A3FB-70ACF2280834}.Debug|Any CPU.ActiveCfg = Debug|Any CPU
		{CFA8EDED-B0B0-4A69-A3FB-70ACF2280834}.Debug|Any CPU.Build.0 = Debug|Any CPU
		{CFA8EDED-B0B0-4A69-A3FB-70ACF2280834}.Release|Any CPU.ActiveCfg = Release|Any CPU
		{CFA8EDED-B0B0-4A69-A3FB-70ACF2280834}.Release|Any CPU.Build.0 = Release|Any CPU
		{9BE55463-FF71-430D-89E5-C2A71F450DCD}.Debug|Any CPU.ActiveCfg = Debug|Any CPU
		{9BE55463-FF71-430D-89E5-C2A71F450DCD}.Debug|Any CPU.Build.0 = Debug|Any CPU
		{9BE55463-FF71-430D-89E5-C2A71F450DCD}.Release|Any CPU.ActiveCfg = Release|Any CPU
		{9BE55463-FF71-430D-89E5-C2A71F450DCD}.Release|Any CPU.Build.0 = Release|Any CPU
		{7F253DE7-1F5E-45D6-AC75-127E98B356DD}.Debug|Any CPU.ActiveCfg = Debug|Any CPU
		{7F253DE7-1F5E-45D6-AC75-127E98B356DD}.Debug|Any CPU.Build.0 = Debug|Any CPU
		{7F253DE7-1F5E-45D6-AC75-127E98B356DD}.Release|Any CPU.ActiveCfg = Release|Any CPU
		{7F253DE7-1F5E-45D6-AC75-127E98B356DD}.Release|Any CPU.Build.0 = Release|Any CPU
		{C2317F23-1541-43F5-B690-6B5251113C61}.Debug|Any CPU.ActiveCfg = Debug|Any CPU
		{C2317F23-1541-43F5-B690-6B5251113C61}.Debug|Any CPU.Build.0 = Debug|Any CPU
		{C2317F23-1541-43F5-B690-6B5251113C61}.Release|Any CPU.ActiveCfg = Release|Any CPU
		{C2317F23-1541-43F5-B690-6B5251113C61}.Release|Any CPU.Build.0 = Release|Any CPU
		{E659E59A-9E57-4821-9B8C-5FF2CF5FCE39}.Debug|Any CPU.ActiveCfg = Debug|Any CPU
		{E659E59A-9E57-4821-9B8C-5FF2CF5FCE39}.Debug|Any CPU.Build.0 = Debug|Any CPU
		{E659E59A-9E57-4821-9B8C-5FF2CF5FCE39}.Release|Any CPU.ActiveCfg = Release|Any CPU
		{E659E59A-9E57-4821-9B8C-5FF2CF5FCE39}.Release|Any CPU.Build.0 = Release|Any CPU
	EndGlobalSection
	GlobalSection(SolutionProperties) = preSolution
		HideSolutionNode = FALSE
	EndGlobalSection
	GlobalSection(NestedProjects) = preSolution
		{CFA8EDED-B0B0-4A69-A3FB-70ACF2280834} = {02EA681E-C7D8-13C7-8484-4AC65E1B71E8}
		{9BE55463-FF71-430D-89E5-C2A71F450DCD} = {02EA681E-C7D8-13C7-8484-4AC65E1B71E8}
		{7F253DE7-1F5E-45D6-AC75-127E98B356DD} = {33EDF334-2B57-4891-86EC-3068468F584C}
		{C2317F23-1541-43F5-B690-6B5251113C61} = {33EDF334-2B57-4891-86EC-3068468F584C}
		{E659E59A-9E57-4821-9B8C-5FF2CF5FCE39} = {199BE9E3-F19F-4325-AF7B-C79004E4D881}
	EndGlobalSection
	GlobalSection(ExtensibilityGlobals) = postSolution
		SolutionGuid = {2BF58F2D-6030-4D8A-B076-F506D7FA14C0}
	EndGlobalSection
EndGlobal
